
Microsoft Visual Studio Solution File, Format Version 12.00
# Visual Studio Version 17
VisualStudioVersion = 17.5.002.0
MinimumVisualStudioVersion = 10.0.40219.1
Project("{9A19103F-16F7-4668-BE54-9A1E7A4F7556}") = "operadoreAritimeticos", "operadoreAritimeticos.csproj", "{3FCE7366-14E9-4D2B-8D3B-B5F30561BA0E}"
EndProject
Global
	GlobalSection(SolutionConfigurationPlatforms) = preSolution
		Debug|Any CPU = Debug|Any CPU
		Release|Any CPU = Release|Any CPU
	EndGlobalSection
	GlobalSection(ProjectConfigurationPlatforms) = postSolution
		{3FCE7366-14E9-4D2B-8D3B-B5F30561BA0E}.Debug|Any CPU.ActiveCfg = Debug|Any CPU
		{3FCE7366-14E9-4D2B-8D3B-B5F30561BA0E}.Debug|Any CPU.Build.0 = Debug|Any CPU
		{3FCE7366-14E9-4D2B-8D3B-B5F30561BA0E}.Release|Any CPU.ActiveCfg = Release|Any CPU
		{3FCE7366-14E9-4D2B-8D3B-B5F30561BA0E}.Release|Any CPU.Build.0 = Release|Any CPU
	EndGlobalSection
	GlobalSection(SolutionProperties) = preSolution
		HideSolutionNode = FALSE
	EndGlobalSection
	GlobalSection(ExtensibilityGlobals) = postSolution
		SolutionGuid = {3FFCD63C-7B4D-4171-98A9-F0BD13AE5139}
	EndGlobalSection
EndGlobal
