
Microsoft Visual Studio Solution File, Format Version 12.00
# Visual Studio Version 17
VisualStudioVersion = 17.5.002.0
MinimumVisualStudioVersion = 10.0.40219.1
Project("{9A19103F-16F7-4668-BE54-9A1E7A4F7556}") = "Estudos  C#", "Estudos  C#.csproj", "{C7D9CAC7-923B-411C-92BB-A3DA7F307FE0}"
EndProject
Global
	GlobalSection(SolutionConfigurationPlatforms) = preSolution
		Debug|Any CPU = Debug|Any CPU
		Release|Any CPU = Release|Any CPU
	EndGlobalSection
	GlobalSection(ProjectConfigurationPlatforms) = postSolution
		{C7D9CAC7-923B-411C-92BB-A3DA7F307FE0}.Debug|Any CPU.ActiveCfg = Debug|Any CPU
		{C7D9CAC7-923B-411C-92BB-A3DA7F307FE0}.Debug|Any CPU.Build.0 = Debug|Any CPU
		{C7D9CAC7-923B-411C-92BB-A3DA7F307FE0}.Release|Any CPU.ActiveCfg = Release|Any CPU
		{C7D9CAC7-923B-411C-92BB-A3DA7F307FE0}.Release|Any CPU.Build.0 = Release|Any CPU
	EndGlobalSection
	GlobalSection(SolutionProperties) = preSolution
		HideSolutionNode = FALSE
	EndGlobalSection
	GlobalSection(ExtensibilityGlobals) = postSolution
		SolutionGuid = {50332044-F438-47EF-B6FB-9E47922B268A}
	EndGlobalSection
EndGlobal
