
Microsoft Visual Studio Solution File, Format Version 12.00
# Visual Studio Version 17
VisualStudioVersion = 17.5.002.0
MinimumVisualStudioVersion = 10.0.40219.1
Project("{9A19103F-16F7-4668-BE54-9A1E7A4F7556}") = "aula2", "aula2.csproj", "{B554CF12-53E7-4012-BC82-15ACF3B82F96}"
EndProject
Global
	GlobalSection(SolutionConfigurationPlatforms) = preSolution
		Debug|Any CPU = Debug|Any CPU
		Release|Any CPU = Release|Any CPU
	EndGlobalSection
	GlobalSection(ProjectConfigurationPlatforms) = postSolution
		{B554CF12-53E7-4012-BC82-15ACF3B82F96}.Debug|Any CPU.ActiveCfg = Debug|Any CPU
		{B554CF12-53E7-4012-BC82-15ACF3B82F96}.Debug|Any CPU.Build.0 = Debug|Any CPU
		{B554CF12-53E7-4012-BC82-15ACF3B82F96}.Release|Any CPU.ActiveCfg = Release|Any CPU
		{B554CF12-53E7-4012-BC82-15ACF3B82F96}.Release|Any CPU.Build.0 = Release|Any CPU
	EndGlobalSection
	GlobalSection(SolutionProperties) = preSolution
		HideSolutionNode = FALSE
	EndGlobalSection
	GlobalSection(ExtensibilityGlobals) = postSolution
		SolutionGuid = {641958BC-C788-4784-92D8-FD9A5826845F}
	EndGlobalSection
EndGlobal
